
Microsoft Visual Studio Solution File, Format Version 12.00
# Visual Studio 2013
VisualStudioVersion = 12.0.21005.1
MinimumVisualStudioVersion = 10.0.40219.1
Project("{2150E333-8FDC-42A3-9474-1A3956D46DE8}") = ".nuget", ".nuget", "{85FAB6AF-DFD9-4A15-8FE1-09415C6BEF41}"
	ProjectSection(SolutionItems) = preProject
		.nuget\NuGet.Config = .nuget\NuGet.Config
		.nuget\NuGet.exe = .nuget\NuGet.exe
		.nuget\NuGet.targets = .nuget\NuGet.targets
	EndProjectSection
EndProject
Project("{FAE04EC0-301F-11D3-BF4B-00C04F79EFBC}") = "Dpb.OpcClient.Tests", "Dpb.OpcClient.Tests\Dpb.OpcClient.Tests.csproj", "{FC4CB85C-F20E-44C4-85E1-94880D7843B1}"
EndProject
Project("{FAE04EC0-301F-11D3-BF4B-00C04F79EFBC}") = "Dpb.OpcClient", "Dpb.OpcClient\Dpb.OpcClient.csproj", "{6F8E4E97-2346-42BE-B906-2C0EE6BC85C5}"
EndProject
Global
	GlobalSection(SolutionConfigurationPlatforms) = preSolution
		Debug|Any CPU = Debug|Any CPU
		Release|Any CPU = Release|Any CPU
	EndGlobalSection
	GlobalSection(ProjectConfigurationPlatforms) = postSolution
		{FC4CB85C-F20E-44C4-85E1-94880D7843B1}.Debug|Any CPU.ActiveCfg = Debug|Any CPU
		{FC4CB85C-F20E-44C4-85E1-94880D7843B1}.Debug|Any CPU.Build.0 = Debug|Any CPU
		{FC4CB85C-F20E-44C4-85E1-94880D7843B1}.Release|Any CPU.ActiveCfg = Release|Any CPU
		{FC4CB85C-F20E-44C4-85E1-94880D7843B1}.Release|Any CPU.Build.0 = Release|Any CPU
		{6F8E4E97-2346-42BE-B906-2C0EE6BC85C5}.Debug|Any CPU.ActiveCfg = Debug|Any CPU
		{6F8E4E97-2346-42BE-B906-2C0EE6BC85C5}.Debug|Any CPU.Build.0 = Debug|Any CPU
		{6F8E4E97-2346-42BE-B906-2C0EE6BC85C5}.Release|Any CPU.ActiveCfg = Release|Any CPU
		{6F8E4E97-2346-42BE-B906-2C0EE6BC85C5}.Release|Any CPU.Build.0 = Release|Any CPU
	EndGlobalSection
	GlobalSection(SolutionProperties) = preSolution
		HideSolutionNode = FALSE
	EndGlobalSection
EndGlobal
